
Microsoft Visual Studio Solution File, Format Version 12.00
# Visual Studio Version 17
VisualStudioVersion = 17.13.35931.197
MinimumVisualStudioVersion = 10.0.40219.1
Project("{2150E333-8FDC-42A3-9474-1A3956D46DE8}") = "UNIDAD_1", "UNIDAD_1", "{02EA681E-C7D8-13C7-8484-4AC65E1B71E8}"
EndProject
Project("{2150E333-8FDC-42A3-9474-1A3956D46DE8}") = "UNIDAD_2", "UNIDAD_2", "{6FD611D2-6310-42CE-B776-58D648FA72F2}"
EndProject
Project("{2150E333-8FDC-42A3-9474-1A3956D46DE8}") = "TP_1", "TP_1", "{237DC5DB-7D3F-4A68-894C-900AFD1ABA38}"
EndProject
Project("{2150E333-8FDC-42A3-9474-1A3956D46DE8}") = "UNIDAD_3", "UNIDAD_3", "{158C162A-6018-48B0-AEAB-4D9D04987DAC}"
EndProject
Project("{2150E333-8FDC-42A3-9474-1A3956D46DE8}") = "UNIDAD_4", "UNIDAD_4", "{BD022EB9-EFCC-424C-B558-7EE6730CC9D1}"
EndProject
Project("{2150E333-8FDC-42A3-9474-1A3956D46DE8}") = "UNIDAD_5", "UNIDAD_5", "{E035CCE1-CF82-4AE1-B96B-CD5C9C71B2C8}"
EndProject
Project("{2150E333-8FDC-42A3-9474-1A3956D46DE8}") = "Elementos de la solución", "Elementos de la solución", "{D107F4C8-89CC-BEA8-D3D7-CA6B7733353D}"
	ProjectSection(SolutionItems) = preProject
		.gitignore = .gitignore
	EndProjectSection
EndProject
Project("{2150E333-8FDC-42A3-9474-1A3956D46DE8}") = "TP_2", "TP_2", "{A9A4069F-D807-44EB-840C-207562751BB1}"
EndProject
Project("{FAE04EC0-301F-11D3-BF4B-00C04F79EFBC}") = "Ejercicio01", "TP_1\Ejercicio01\Ejercicio01.csproj", "{CDFB834D-A50E-D99B-1FCE-F9D347B7C77D}"
EndProject
Project("{FAE04EC0-301F-11D3-BF4B-00C04F79EFBC}") = "Ejercicio02", "TP_1\Ejercicio02\Ejercicio02.csproj", "{28B7CA7A-4839-4275-3918-EB48A63DE3FB}"
EndProject
Project("{FAE04EC0-301F-11D3-BF4B-00C04F79EFBC}") = "CRUD_SQL_ADO.NET", "TP_2-CRUD_SQL_ADO.NET\CRUD_SQL_ADO.NET\CRUD_SQL_ADO.NET.csproj", "{423067C0-AE57-884E-4DD2-0604443C4244}"
EndProject
Project("{2150E333-8FDC-42A3-9474-1A3956D46DE8}") = "TP_3", "TP_3", "{1D030C42-8E52-4361-A151-5A82BDC8DAAC}"
EndProject
Project("{FAE04EC0-301F-11D3-BF4B-00C04F79EFBC}") = "CRUD_SQL_DATASET", "TP_3-CRUD_SQL_DATASET\CRUD_SQL_DATASET\CRUD_SQL_DATASET.csproj", "{191B7424-8BF7-C486-AFD5-E0E635E0C4BC}"
EndProject
Project("{2150E333-8FDC-42A3-9474-1A3956D46DE8}") = "TP_4", "TP_4", "{40D493BD-8BF2-4013-A8BE-6A5A47095EB8}"
EndProject
Project("{FAE04EC0-301F-11D3-BF4B-00C04F79EFBC}") = "CRUD_SQL_ENTITYFRAMEWORK", "TP_4-CRUD_SQL_ENTITYFRAMEWORK\CRUD_SQL_ENTITYFRAMEWORK\CRUD_SQL_ENTITYFRAMEWORK.csproj", "{3353785C-68B1-2FE3-A708-EC1DB4BC1DB1}"
EndProject
Global
	GlobalSection(SolutionConfigurationPlatforms) = preSolution
		Debug|Any CPU = Debug|Any CPU
		Release|Any CPU = Release|Any CPU
	EndGlobalSection
	GlobalSection(ProjectConfigurationPlatforms) = postSolution
		{CDFB834D-A50E-D99B-1FCE-F9D347B7C77D}.Debug|Any CPU.ActiveCfg = Debug|Any CPU
		{CDFB834D-A50E-D99B-1FCE-F9D347B7C77D}.Debug|Any CPU.Build.0 = Debug|Any CPU
		{CDFB834D-A50E-D99B-1FCE-F9D347B7C77D}.Release|Any CPU.ActiveCfg = Release|Any CPU
		{CDFB834D-A50E-D99B-1FCE-F9D347B7C77D}.Release|Any CPU.Build.0 = Release|Any CPU
		{28B7CA7A-4839-4275-3918-EB48A63DE3FB}.Debug|Any CPU.ActiveCfg = Debug|Any CPU
		{28B7CA7A-4839-4275-3918-EB48A63DE3FB}.Debug|Any CPU.Build.0 = Debug|Any CPU
		{28B7CA7A-4839-4275-3918-EB48A63DE3FB}.Release|Any CPU.ActiveCfg = Release|Any CPU
		{28B7CA7A-4839-4275-3918-EB48A63DE3FB}.Release|Any CPU.Build.0 = Release|Any CPU
		{423067C0-AE57-884E-4DD2-0604443C4244}.Debug|Any CPU.ActiveCfg = Debug|Any CPU
		{423067C0-AE57-884E-4DD2-0604443C4244}.Debug|Any CPU.Build.0 = Debug|Any CPU
		{423067C0-AE57-884E-4DD2-0604443C4244}.Release|Any CPU.ActiveCfg = Release|Any CPU
		{423067C0-AE57-884E-4DD2-0604443C4244}.Release|Any CPU.Build.0 = Release|Any CPU
		{191B7424-8BF7-C486-AFD5-E0E635E0C4BC}.Debug|Any CPU.ActiveCfg = Debug|Any CPU
		{191B7424-8BF7-C486-AFD5-E0E635E0C4BC}.Debug|Any CPU.Build.0 = Debug|Any CPU
		{191B7424-8BF7-C486-AFD5-E0E635E0C4BC}.Release|Any CPU.ActiveCfg = Release|Any CPU
		{191B7424-8BF7-C486-AFD5-E0E635E0C4BC}.Release|Any CPU.Build.0 = Release|Any CPU
		{3353785C-68B1-2FE3-A708-EC1DB4BC1DB1}.Debug|Any CPU.ActiveCfg = Debug|Any CPU
		{3353785C-68B1-2FE3-A708-EC1DB4BC1DB1}.Debug|Any CPU.Build.0 = Debug|Any CPU
		{3353785C-68B1-2FE3-A708-EC1DB4BC1DB1}.Release|Any CPU.ActiveCfg = Release|Any CPU
		{3353785C-68B1-2FE3-A708-EC1DB4BC1DB1}.Release|Any CPU.Build.0 = Release|Any CPU
	EndGlobalSection
	GlobalSection(SolutionProperties) = preSolution
		HideSolutionNode = FALSE
	EndGlobalSection
	GlobalSection(NestedProjects) = preSolution
		{237DC5DB-7D3F-4A68-894C-900AFD1ABA38} = {02EA681E-C7D8-13C7-8484-4AC65E1B71E8}
		{A9A4069F-D807-44EB-840C-207562751BB1} = {02EA681E-C7D8-13C7-8484-4AC65E1B71E8}
		{CDFB834D-A50E-D99B-1FCE-F9D347B7C77D} = {237DC5DB-7D3F-4A68-894C-900AFD1ABA38}
		{28B7CA7A-4839-4275-3918-EB48A63DE3FB} = {237DC5DB-7D3F-4A68-894C-900AFD1ABA38}
		{423067C0-AE57-884E-4DD2-0604443C4244} = {A9A4069F-D807-44EB-840C-207562751BB1}
		{1D030C42-8E52-4361-A151-5A82BDC8DAAC} = {02EA681E-C7D8-13C7-8484-4AC65E1B71E8}
		{191B7424-8BF7-C486-AFD5-E0E635E0C4BC} = {1D030C42-8E52-4361-A151-5A82BDC8DAAC}
		{40D493BD-8BF2-4013-A8BE-6A5A47095EB8} = {02EA681E-C7D8-13C7-8484-4AC65E1B71E8}
		{3353785C-68B1-2FE3-A708-EC1DB4BC1DB1} = {40D493BD-8BF2-4013-A8BE-6A5A47095EB8}
	EndGlobalSection
	GlobalSection(ExtensibilityGlobals) = postSolution
		SolutionGuid = {E71C0722-717B-4704-9045-E80A44FEC267}
	EndGlobalSection
EndGlobal
