
Microsoft Visual Studio Solution File, Format Version 12.00
# Visual Studio Version 17
VisualStudioVersion = 17.13.35931.197 d17.13
MinimumVisualStudioVersion = 10.0.40219.1
Project("{2150E333-8FDC-42A3-9474-1A3956D46DE8}") = "UNIDAD_1", "UNIDAD_1", "{02EA681E-C7D8-13C7-8484-4AC65E1B71E8}"
EndProject
Project("{2150E333-8FDC-42A3-9474-1A3956D46DE8}") = "UNIDAD_2", "UNIDAD_2", "{6FD611D2-6310-42CE-B776-58D648FA72F2}"
EndProject
Project("{2150E333-8FDC-42A3-9474-1A3956D46DE8}") = "TP_1", "TP_1", "{237DC5DB-7D3F-4A68-894C-900AFD1ABA38}"
EndProject
Project("{FAE04EC0-301F-11D3-BF4B-00C04F79EFBC}") = "Ejercicio01", "Ejercicio01\Ejercicio01.csproj", "{0E7EE8F9-37DF-4677-9471-7F455E48004E}"
EndProject
Global
	GlobalSection(SolutionConfigurationPlatforms) = preSolution
		Debug|Any CPU = Debug|Any CPU
		Release|Any CPU = Release|Any CPU
	EndGlobalSection
	GlobalSection(ProjectConfigurationPlatforms) = postSolution
		{0E7EE8F9-37DF-4677-9471-7F455E48004E}.Debug|Any CPU.ActiveCfg = Debug|Any CPU
		{0E7EE8F9-37DF-4677-9471-7F455E48004E}.Debug|Any CPU.Build.0 = Debug|Any CPU
		{0E7EE8F9-37DF-4677-9471-7F455E48004E}.Release|Any CPU.ActiveCfg = Release|Any CPU
		{0E7EE8F9-37DF-4677-9471-7F455E48004E}.Release|Any CPU.Build.0 = Release|Any CPU
	EndGlobalSection
	GlobalSection(SolutionProperties) = preSolution
		HideSolutionNode = FALSE
	EndGlobalSection
	GlobalSection(NestedProjects) = preSolution
		{237DC5DB-7D3F-4A68-894C-900AFD1ABA38} = {02EA681E-C7D8-13C7-8484-4AC65E1B71E8}
		{0E7EE8F9-37DF-4677-9471-7F455E48004E} = {237DC5DB-7D3F-4A68-894C-900AFD1ABA38}
	EndGlobalSection
	GlobalSection(ExtensibilityGlobals) = postSolution
		SolutionGuid = {E71C0722-717B-4704-9045-E80A44FEC267}
	EndGlobalSection
EndGlobal
